
Microsoft Visual Studio Solution File, Format Version 12.00
# Visual Studio 2012
Project("{FAE04EC0-301F-11D3-BF4B-00C04F79EFBC}") = "lu_ranker", "lu_ranker\lu_ranker.csproj", "{2A2F72C6-302E-4402-BAC6-23FD9208DC56}"
EndProject
Global
	GlobalSection(SolutionConfigurationPlatforms) = preSolution
		Debug|x86 = Debug|x86
		Release|x86 = Release|x86
	EndGlobalSection
	GlobalSection(ProjectConfigurationPlatforms) = postSolution
		{2A2F72C6-302E-4402-BAC6-23FD9208DC56}.Debug|x86.ActiveCfg = Debug|x86
		{2A2F72C6-302E-4402-BAC6-23FD9208DC56}.Debug|x86.Build.0 = Debug|x86
		{2A2F72C6-302E-4402-BAC6-23FD9208DC56}.Release|x86.ActiveCfg = Release|x86
		{2A2F72C6-302E-4402-BAC6-23FD9208DC56}.Release|x86.Build.0 = Release|x86
	EndGlobalSection
EndGlobal
